
Microsoft Visual Studio Solution File, Format Version 12.00
# Visual Studio Version 17
VisualStudioVersion = 17.10.35122.118
MinimumVisualStudioVersion = 10.0.40219.1
Project("{9A19103F-16F7-4668-BE54-9A1E7A4F7556}") = "InterviewChallenge.API", "InterviewChallenge.API.csproj", "{3573C5AB-4FF9-4DE0-B0D3-27FE348A7479}"
EndProject
Global
	GlobalSection(SolutionConfigurationPlatforms) = preSolution
		Debug|Any CPU = Debug|Any CPU
		Release|Any CPU = Release|Any CPU
	EndGlobalSection
	GlobalSection(ProjectConfigurationPlatforms) = postSolution
		{3573C5AB-4FF9-4DE0-B0D3-27FE348A7479}.Debug|Any CPU.ActiveCfg = Debug|Any CPU
		{3573C5AB-4FF9-4DE0-B0D3-27FE348A7479}.Debug|Any CPU.Build.0 = Debug|Any CPU
		{3573C5AB-4FF9-4DE0-B0D3-27FE348A7479}.Release|Any CPU.ActiveCfg = Release|Any CPU
		{3573C5AB-4FF9-4DE0-B0D3-27FE348A7479}.Release|Any CPU.Build.0 = Release|Any CPU
	EndGlobalSection
	GlobalSection(SolutionProperties) = preSolution
		HideSolutionNode = FALSE
	EndGlobalSection
	GlobalSection(ExtensibilityGlobals) = postSolution
		SolutionGuid = {A951CDB6-FDA5-4827-B5AB-DA15C92095C6}
	EndGlobalSection
EndGlobal
